
Microsoft Visual Studio Solution File, Format Version 12.00
# Visual Studio 15
Project("{FAE04EC0-301F-11D3-BF4B-00C04F79EFBC}") = "Golf VR Prototype", "Golf VR Prototype.csproj", "{893EBE9B-0354-7435-EF54-D0086FE5048E}"
EndProject
Project("{FAE04EC0-301F-11D3-BF4B-00C04F79EFBC}") = "Golf VR Prototype.Editor", "Golf VR Prototype.Editor.csproj", "{C57085AB-8C51-6D26-A261-2DB2B335C856}"
EndProject
Global
	GlobalSection(SolutionConfigurationPlatforms) = preSolution
		Debug|Any CPU = Debug|Any CPU
		Release|Any CPU = Release|Any CPU
	EndGlobalSection
	GlobalSection(ProjectConfigurationPlatforms) = postSolution
		{893EBE9B-0354-7435-EF54-D0086FE5048E}.Debug|Any CPU.ActiveCfg = Debug|Any CPU
		{893EBE9B-0354-7435-EF54-D0086FE5048E}.Debug|Any CPU.Build.0 = Debug|Any CPU
		{893EBE9B-0354-7435-EF54-D0086FE5048E}.Release|Any CPU.ActiveCfg = Release|Any CPU
		{893EBE9B-0354-7435-EF54-D0086FE5048E}.Release|Any CPU.Build.0 = Release|Any CPU
		{C57085AB-8C51-6D26-A261-2DB2B335C856}.Debug|Any CPU.ActiveCfg = Debug|Any CPU
		{C57085AB-8C51-6D26-A261-2DB2B335C856}.Debug|Any CPU.Build.0 = Debug|Any CPU
		{C57085AB-8C51-6D26-A261-2DB2B335C856}.Release|Any CPU.ActiveCfg = Release|Any CPU
		{C57085AB-8C51-6D26-A261-2DB2B335C856}.Release|Any CPU.Build.0 = Release|Any CPU
	EndGlobalSection
	GlobalSection(SolutionProperties) = preSolution
		HideSolutionNode = FALSE
	EndGlobalSection
EndGlobal
